
Microsoft Visual Studio Solution File, Format Version 12.00
# Visual Studio 15
VisualStudioVersion = 15.0.28307.1022
MinimumVisualStudioVersion = 10.0.40219.1
Project("{FAE04EC0-301F-11D3-BF4B-00C04F79EFBC}") = "GreenOcean", "GreenOcean\GreenOcean.csproj", "{00B2B7DE-D378-44B9-9A1B-63FD46B735B0}"
EndProject
Global
	GlobalSection(SolutionConfigurationPlatforms) = preSolution
		Debug|Any CPU = Debug|Any CPU
		Release|Any CPU = Release|Any CPU
	EndGlobalSection
	GlobalSection(ProjectConfigurationPlatforms) = postSolution
		{00B2B7DE-D378-44B9-9A1B-63FD46B735B0}.Debug|Any CPU.ActiveCfg = Debug|Any CPU
		{00B2B7DE-D378-44B9-9A1B-63FD46B735B0}.Debug|Any CPU.Build.0 = Debug|Any CPU
		{00B2B7DE-D378-44B9-9A1B-63FD46B735B0}.Release|Any CPU.ActiveCfg = Release|Any CPU
		{00B2B7DE-D378-44B9-9A1B-63FD46B735B0}.Release|Any CPU.Build.0 = Release|Any CPU
	EndGlobalSection
	GlobalSection(SolutionProperties) = preSolution
		HideSolutionNode = FALSE
	EndGlobalSection
	GlobalSection(ExtensibilityGlobals) = postSolution
		SolutionGuid = {69773ACF-3C4E-474F-A306-9DA0761EE2AF}
	EndGlobalSection
EndGlobal
